// !$*UTF8*$!
{
	archiveVersion = 1;
	classes = {
	};
	objectVersion = 56;
	objects = {

/* Begin PBXBuildFile section */
		64982E9F2A18B09000223799 /* AppDelegate.swift in Sources */ = {isa = PBXBuildFile; fileRef = 64982E9E2A18B09000223799 /* AppDelegate.swift */; };
		64982EA12A18B09000223799 /* SceneDelegate.swift in Sources */ = {isa = PBXBuildFile; fileRef = 64982EA02A18B09000223799 /* SceneDelegate.swift */; };
		64982EA62A18B09000223799 /* Main.storyboard in Resources */ = {isa = PBXBuildFile; fileRef = 64982EA42A18B09000223799 /* Main.storyboard */; };
		64982EA82A18B09200223799 /* Assets.xcassets in Resources */ = {isa = PBXBuildFile; fileRef = 64982EA72A18B09200223799 /* Assets.xcassets */; };
		64982EAB2A18B09200223799 /* LaunchScreen.storyboard in Resources */ = {isa = PBXBuildFile; fileRef = 64982EA92A18B09200223799 /* LaunchScreen.storyboard */; };
		64982EB32A18B5EA00223799 /* HomeViewController.swift in Sources */ = {isa = PBXBuildFile; fileRef = 64982EB22A18B5EA00223799 /* HomeViewController.swift */; };
		64982EC22A1CE88F00223799 /* TableViewController.swift in Sources */ = {isa = PBXBuildFile; fileRef = 64982EC12A1CE88F00223799 /* TableViewController.swift */; };
		64982ECC2A1E132A00223799 /* Realm in Frameworks */ = {isa = PBXBuildFile; productRef = 64982ECB2A1E132A00223799 /* Realm */; };
		64982ECE2A1E132A00223799 /* RealmSwift in Frameworks */ = {isa = PBXBuildFile; productRef = 64982ECD2A1E132A00223799 /* RealmSwift */; };
		64982ED02A1E145300223799 /* Memory.swift in Sources */ = {isa = PBXBuildFile; fileRef = 64982ECF2A1E145300223799 /* Memory.swift */; };
		64FFC43E2A1E41F400DF2BE3 /* MemoryTableViewCell.swift in Sources */ = {isa = PBXBuildFile; fileRef = 64FFC43C2A1E41F400DF2BE3 /* MemoryTableViewCell.swift */; };
		64FFC43F2A1E41F400DF2BE3 /* MemoryTableViewCell.xib in Resources */ = {isa = PBXBuildFile; fileRef = 64FFC43D2A1E41F400DF2BE3 /* MemoryTableViewCell.xib */; };
		64FFC4412A1E619F00DF2BE3 /* MemoryViewController.swift in Sources */ = {isa = PBXBuildFile; fileRef = 64FFC4402A1E619F00DF2BE3 /* MemoryViewController.swift */; };
/* End PBXBuildFile section */

/* Begin PBXFileReference section */
		64982E9B2A18B09000223799 /* Steps.app */ = {isa = PBXFileReference; explicitFileType = wrapper.application; includeInIndex = 0; path = Steps.app; sourceTree = BUILT_PRODUCTS_DIR; };
		64982E9E2A18B09000223799 /* AppDelegate.swift */ = {isa = PBXFileReference; lastKnownFileType = sourcecode.swift; path = AppDelegate.swift; sourceTree = "<group>"; };
		64982EA02A18B09000223799 /* SceneDelegate.swift */ = {isa = PBXFileReference; lastKnownFileType = sourcecode.swift; path = SceneDelegate.swift; sourceTree = "<group>"; };
		64982EA52A18B09000223799 /* Base */ = {isa = PBXFileReference; lastKnownFileType = file.storyboard; name = Base; path = Base.lproj/Main.storyboard; sourceTree = "<group>"; };
		64982EA72A18B09200223799 /* Assets.xcassets */ = {isa = PBXFileReference; lastKnownFileType = folder.assetcatalog; path = Assets.xcassets; sourceTree = "<group>"; };
		64982EAA2A18B09200223799 /* Base */ = {isa = PBXFileReference; lastKnownFileType = file.storyboard; name = Base; path = Base.lproj/LaunchScreen.storyboard; sourceTree = "<group>"; };
		64982EAC2A18B09200223799 /* Info.plist */ = {isa = PBXFileReference; lastKnownFileType = text.plist.xml; path = Info.plist; sourceTree = "<group>"; };
		64982EB22A18B5EA00223799 /* HomeViewController.swift */ = {isa = PBXFileReference; lastKnownFileType = sourcecode.swift; path = HomeViewController.swift; sourceTree = "<group>"; };
		64982EB42A18C0BA00223799 /* Steps.entitlements */ = {isa = PBXFileReference; lastKnownFileType = text.plist.entitlements; path = Steps.entitlements; sourceTree = "<group>"; };
		64982EC12A1CE88F00223799 /* TableViewController.swift */ = {isa = PBXFileReference; lastKnownFileType = sourcecode.swift; path = TableViewController.swift; sourceTree = "<group>"; };
		64982ECF2A1E145300223799 /* Memory.swift */ = {isa = PBXFileReference; lastKnownFileType = sourcecode.swift; path = Memory.swift; sourceTree = "<group>"; };
		64FFC43C2A1E41F400DF2BE3 /* MemoryTableViewCell.swift */ = {isa = PBXFileReference; lastKnownFileType = sourcecode.swift; path = MemoryTableViewCell.swift; sourceTree = "<group>"; };
		64FFC43D2A1E41F400DF2BE3 /* MemoryTableViewCell.xib */ = {isa = PBXFileReference; lastKnownFileType = file.xib; path = MemoryTableViewCell.xib; sourceTree = "<group>"; };
		64FFC4402A1E619F00DF2BE3 /* MemoryViewController.swift */ = {isa = PBXFileReference; lastKnownFileType = sourcecode.swift; path = MemoryViewController.swift; sourceTree = "<group>"; };
/* End PBXFileReference section */

/* Begin PBXFrameworksBuildPhase section */
		64982E982A18B09000223799 /* Frameworks */ = {
			isa = PBXFrameworksBuildPhase;
			buildActionMask = 2147483647;
			files = (
				64982ECE2A1E132A00223799 /* RealmSwift in Frameworks */,
				64982ECC2A1E132A00223799 /* Realm in Frameworks */,
			);
			runOnlyForDeploymentPostprocessing = 0;
		};
/* End PBXFrameworksBuildPhase section */

/* Begin PBXGroup section */
		64982E922A18B08F00223799 = {
			isa = PBXGroup;
			children = (
				64982E9D2A18B09000223799 /* Steps */,
				64982E9C2A18B09000223799 /* Products */,
			);
			sourceTree = "<group>";
		};
		64982E9C2A18B09000223799 /* Products */ = {
			isa = PBXGroup;
			children = (
				64982E9B2A18B09000223799 /* Steps.app */,
			);
			name = Products;
			sourceTree = "<group>";
		};
		64982E9D2A18B09000223799 /* Steps */ = {
			isa = PBXGroup;
			children = (
				64982EB42A18C0BA00223799 /* Steps.entitlements */,
				64982E9E2A18B09000223799 /* AppDelegate.swift */,
				64982EA02A18B09000223799 /* SceneDelegate.swift */,
				64982EA42A18B09000223799 /* Main.storyboard */,
				64982EA72A18B09200223799 /* Assets.xcassets */,
				64982EA92A18B09200223799 /* LaunchScreen.storyboard */,
				64982EAC2A18B09200223799 /* Info.plist */,
				64982EB22A18B5EA00223799 /* HomeViewController.swift */,
				64982ECF2A1E145300223799 /* Memory.swift */,
				64982EC12A1CE88F00223799 /* TableViewController.swift */,
				64FFC43C2A1E41F400DF2BE3 /* MemoryTableViewCell.swift */,
				64FFC43D2A1E41F400DF2BE3 /* MemoryTableViewCell.xib */,
				64FFC4402A1E619F00DF2BE3 /* MemoryViewController.swift */,
			);
			path = Steps;
			sourceTree = "<group>";
		};
/* End PBXGroup section */

/* Begin PBXNativeTarget section */
		64982E9A2A18B09000223799 /* Steps */ = {
			isa = PBXNativeTarget;
			buildConfigurationList = 64982EAF2A18B09200223799 /* Build configuration list for PBXNativeTarget "Steps" */;
			buildPhases = (
				64982E972A18B09000223799 /* Sources */,
				64982E982A18B09000223799 /* Frameworks */,
				64982E992A18B09000223799 /* Resources */,
			);
			buildRules = (
			);
			dependencies = (
			);
			name = Steps;
			packageProductDependencies = (
				64982ECB2A1E132A00223799 /* Realm */,
				64982ECD2A1E132A00223799 /* RealmSwift */,
			);
			productName = Steps;
			productReference = 64982E9B2A18B09000223799 /* Steps.app */;
			productType = "com.apple.product-type.application";
		};
/* End PBXNativeTarget section */

/* Begin PBXProject section */
		64982E932A18B08F00223799 /* Project object */ = {
			isa = PBXProject;
			attributes = {
				BuildIndependentTargetsInParallel = 1;
				LastSwiftUpdateCheck = 1430;
				LastUpgradeCheck = 1430;
				TargetAttributes = {
					64982E9A2A18B09000223799 = {
						CreatedOnToolsVersion = 14.3;
					};
				};
			};
			buildConfigurationList = 64982E962A18B08F00223799 /* Build configuration list for PBXProject "Steps" */;
			compatibilityVersion = "Xcode 14.0";
			developmentRegion = en;
			hasScannedForEncodings = 0;
			knownRegions = (
				en,
				Base,
			);
			mainGroup = 64982E922A18B08F00223799;
			packageReferences = (
				64982ECA2A1E132A00223799 /* XCRemoteSwiftPackageReference "realm-swift" */,
			);
			productRefGroup = 64982E9C2A18B09000223799 /* Products */;
			projectDirPath = "";
			projectRoot = "";
			targets = (
				64982E9A2A18B09000223799 /* Steps */,
			);
		};
/* End PBXProject section */

/* Begin PBXResourcesBuildPhase section */
		64982E992A18B09000223799 /* Resources */ = {
			isa = PBXResourcesBuildPhase;
			buildActionMask = 2147483647;
			files = (
				64FFC43F2A1E41F400DF2BE3 /* MemoryTableViewCell.xib in Resources */,
				64982EAB2A18B09200223799 /* LaunchScreen.storyboard in Resources */,
				64982EA82A18B09200223799 /* Assets.xcassets in Resources */,
				64982EA62A18B09000223799 /* Main.storyboard in Resources */,
			);
			runOnlyForDeploymentPostprocessing = 0;
		};
/* End PBXResourcesBuildPhase section */

/* Begin PBXSourcesBuildPhase section */
		64982E972A18B09000223799 /* Sources */ = {
			isa = PBXSourcesBuildPhase;
			buildActionMask = 2147483647;
			files = (
				64982ED02A1E145300223799 /* Memory.swift in Sources */,
				64FFC4412A1E619F00DF2BE3 /* MemoryViewController.swift in Sources */,
				64982E9F2A18B09000223799 /* AppDelegate.swift in Sources */,
				64982EA12A18B09000223799 /* SceneDelegate.swift in Sources */,
				64982EB32A18B5EA00223799 /* HomeViewController.swift in Sources */,
				64982EC22A1CE88F00223799 /* TableViewController.swift in Sources */,
				64FFC43E2A1E41F400DF2BE3 /* MemoryTableViewCell.swift in Sources */,
			);
			runOnlyForDeploymentPostprocessing = 0;
		};
/* End PBXSourcesBuildPhase section */

/* Begin PBXVariantGroup section */
		64982EA42A18B09000223799 /* Main.storyboard */ = {
			isa = PBXVariantGroup;
			children = (
				64982EA52A18B09000223799 /* Base */,
			);
			name = Main.storyboard;
			sourceTree = "<group>";
		};
		64982EA92A18B09200223799 /* LaunchScreen.storyboard */ = {
			isa = PBXVariantGroup;
			children = (
				64982EAA2A18B09200223799 /* Base */,
			);
			name = LaunchScreen.storyboard;
			sourceTree = "<group>";
		};
/* End PBXVariantGroup section */

/* Begin XCBuildConfiguration section */
		64982EAD2A18B09200223799 /* Debug */ = {
			isa = XCBuildConfiguration;
			buildSettings = {
				ALWAYS_SEARCH_USER_PATHS = NO;
				CLANG_ANALYZER_NONNULL = YES;
				CLANG_ANALYZER_NUMBER_OBJECT_CONVERSION = YES_AGGRESSIVE;
				CLANG_CXX_LANGUAGE_STANDARD = "gnu++20";
				CLANG_ENABLE_MODULES = YES;
				CLANG_ENABLE_OBJC_ARC = YES;
				CLANG_ENABLE_OBJC_WEAK = YES;
				CLANG_WARN_BLOCK_CAPTURE_AUTORELEASING = YES;
				CLANG_WARN_BOOL_CONVERSION = YES;
				CLANG_WARN_COMMA = YES;
				CLANG_WARN_CONSTANT_CONVERSION = YES;
				CLANG_WARN_DEPRECATED_OBJC_IMPLEMENTATIONS = YES;
				CLANG_WARN_DIRECT_OBJC_ISA_USAGE = YES_ERROR;
				CLANG_WARN_DOCUMENTATION_COMMENTS = YES;
				CLANG_WARN_EMPTY_BODY = YES;
				CLANG_WARN_ENUM_CONVERSION = YES;
				CLANG_WARN_INFINITE_RECURSION = YES;
				CLANG_WARN_INT_CONVERSION = YES;
				CLANG_WARN_NON_LITERAL_NULL_CONVERSION = YES;
				CLANG_WARN_OBJC_IMPLICIT_RETAIN_SELF = YES;
				CLANG_WARN_OBJC_LITERAL_CONVERSION = YES;
				CLANG_WARN_OBJC_ROOT_CLASS = YES_ERROR;
				CLANG_WARN_QUOTED_INCLUDE_IN_FRAMEWORK_HEADER = YES;
				CLANG_WARN_RANGE_LOOP_ANALYSIS = YES;
				CLANG_WARN_STRICT_PROTOTYPES = YES;
				CLANG_WARN_SUSPICIOUS_MOVE = YES;
				CLANG_WARN_UNGUARDED_AVAILABILITY = YES_AGGRESSIVE;
				CLANG_WARN_UNREACHABLE_CODE = YES;
				CLANG_WARN__DUPLICATE_METHOD_MATCH = YES;
				COPY_PHASE_STRIP = NO;
				DEBUG_INFORMATION_FORMAT = dwarf;
				ENABLE_STRICT_OBJC_MSGSEND = YES;
				ENABLE_TESTABILITY = YES;
				GCC_C_LANGUAGE_STANDARD = gnu11;
				GCC_DYNAMIC_NO_PIC = NO;
				GCC_NO_COMMON_BLOCKS = YES;
				GCC_OPTIMIZATION_LEVEL = 0;
				GCC_PREPROCESSOR_DEFINITIONS = (
					"DEBUG=1",
					"$(inherited)",
				);
				GCC_WARN_64_TO_32_BIT_CONVERSION = YES;
				GCC_WARN_ABOUT_RETURN_TYPE = YES_ERROR;
				GCC_WARN_UNDECLARED_SELECTOR = YES;
				GCC_WARN_UNINITIALIZED_AUTOS = YES_AGGRESSIVE;
				GCC_WARN_UNUSED_FUNCTION = YES;
				GCC_WARN_UNUSED_VARIABLE = YES;
				IPHONEOS_DEPLOYMENT_TARGET = 16.4;
				MTL_ENABLE_DEBUG_INFO = INCLUDE_SOURCE;
				MTL_FAST_MATH = YES;
				ONLY_ACTIVE_ARCH = YES;
				SDKROOT = iphoneos;
				SWIFT_ACTIVE_COMPILATION_CONDITIONS = DEBUG;
				SWIFT_OPTIMIZATION_LEVEL = "-Onone";
			};
			name = Debug;
		};
		64982EAE2A18B09200223799 /* Release */ = {
			isa = XCBuildConfiguration;
			buildSettings = {
				ALWAYS_SEARCH_USER_PATHS = NO;
				CLANG_ANALYZER_NONNULL = YES;
				CLANG_ANALYZER_NUMBER_OBJECT_CONVERSION = YES_AGGRESSIVE;
				CLANG_CXX_LANGUAGE_STANDARD = "gnu++20";
				CLANG_ENABLE_MODULES = YES;
				CLANG_ENABLE_OBJC_ARC = YES;
				CLANG_ENABLE_OBJC_WEAK = YES;
				CLANG_WARN_BLOCK_CAPTURE_AUTORELEASING = YES;
				CLANG_WARN_BOOL_CONVERSION = YES;
				CLANG_WARN_COMMA = YES;
				CLANG_WARN_CONSTANT_CONVERSION = YES;
				CLANG_WARN_DEPRECATED_OBJC_IMPLEMENTATIONS = YES;
				CLANG_WARN_DIRECT_OBJC_ISA_USAGE = YES_ERROR;
				CLANG_WARN_DOCUMENTATION_COMMENTS = YES;
				CLANG_WARN_EMPTY_BODY = YES;
				CLANG_WARN_ENUM_CONVERSION = YES;
				CLANG_WARN_INFINITE_RECURSION = YES;
				CLANG_WARN_INT_CONVERSION = YES;
				CLANG_WARN_NON_LITERAL_NULL_CONVERSION = YES;
				CLANG_WARN_OBJC_IMPLICIT_RETAIN_SELF = YES;
				CLANG_WARN_OBJC_LITERAL_CONVERSION = YES;
				CLANG_WARN_OBJC_ROOT_CLASS = YES_ERROR;
				CLANG_WARN_QUOTED_INCLUDE_IN_FRAMEWORK_HEADER = YES;
				CLANG_WARN_RANGE_LOOP_ANALYSIS = YES;
				CLANG_WARN_STRICT_PROTOTYPES = YES;
				CLANG_WARN_SUSPICIOUS_MOVE = YES;
				CLANG_WARN_UNGUARDED_AVAILABILITY = YES_AGGRESSIVE;
				CLANG_WARN_UNREACHABLE_CODE = YES;
				CLANG_WARN__DUPLICATE_METHOD_MATCH = YES;
				COPY_PHASE_STRIP = NO;
				DEBUG_INFORMATION_FORMAT = "dwarf-with-dsym";
				ENABLE_NS_ASSERTIONS = NO;
				ENABLE_STRICT_OBJC_MSGSEND = YES;
				GCC_C_LANGUAGE_STANDARD = gnu11;
				GCC_NO_COMMON_BLOCKS = YES;
				GCC_WARN_64_TO_32_BIT_CONVERSION = YES;
				GCC_WARN_ABOUT_RETURN_TYPE = YES_ERROR;
				GCC_WARN_UNDECLARED_SELECTOR = YES;
				GCC_WARN_UNINITIALIZED_AUTOS = YES_AGGRESSIVE;
				GCC_WARN_UNUSED_FUNCTION = YES;
				GCC_WARN_UNUSED_VARIABLE = YES;
				IPHONEOS_DEPLOYMENT_TARGET = 16.4;
				MTL_ENABLE_DEBUG_INFO = NO;
				MTL_FAST_MATH = YES;
				SDKROOT = iphoneos;
				SWIFT_COMPILATION_MODE = wholemodule;
				SWIFT_OPTIMIZATION_LEVEL = "-O";
				VALIDATE_PRODUCT = YES;
			};
			name = Release;
		};
		64982EB02A18B09200223799 /* Debug */ = {
			isa = XCBuildConfiguration;
			buildSettings = {
				ASSETCATALOG_COMPILER_APPICON_NAME = AppIcon;
				ASSETCATALOG_COMPILER_GLOBAL_ACCENT_COLOR_NAME = AccentColor;
				CODE_SIGN_ENTITLEMENTS = Steps/Steps.entitlements;
				CODE_SIGN_STYLE = Automatic;
				CURRENT_PROJECT_VERSION = 1;
				DEVELOPMENT_TEAM = MQ38WHYXCG;
				GENERATE_INFOPLIST_FILE = YES;
				INFOPLIST_FILE = Steps/Info.plist;
				INFOPLIST_KEY_NSCameraUsageDescription = "アプリ内で写真を撮るためにカメラを起動する";
				INFOPLIST_KEY_NSHealthClinicalHealthRecordsShareUsageDescription = "アプリが臨床記録の読み取り許可";
				INFOPLIST_KEY_NSHealthShareUsageDescription = "読み込み許可を求めるメッセージ";
				INFOPLIST_KEY_NSHealthUpdateUsageDescription = "書き込み許可を求めるメッセージ";
				INFOPLIST_KEY_UIApplicationSupportsIndirectInputEvents = YES;
				INFOPLIST_KEY_UILaunchStoryboardName = LaunchScreen;
				INFOPLIST_KEY_UIMainStoryboardFile = Main;
				INFOPLIST_KEY_UISupportedInterfaceOrientations_iPad = "UIInterfaceOrientationPortrait UIInterfaceOrientationPortraitUpsideDown UIInterfaceOrientationLandscapeLeft UIInterfaceOrientationLandscapeRight";
				INFOPLIST_KEY_UISupportedInterfaceOrientations_iPhone = "UIInterfaceOrientationPortrait UIInterfaceOrientationLandscapeLeft UIInterfaceOrientationLandscapeRight";
				LD_RUNPATH_SEARCH_PATHS = (
					"$(inherited)",
					"@executable_path/Frameworks",
				);
				MARKETING_VERSION = 1.0;
				PRODUCT_BUNDLE_IDENTIFIER = app.hamano.kemari.Steps;
				PRODUCT_NAME = "$(TARGET_NAME)";
				SWIFT_EMIT_LOC_STRINGS = YES;
				SWIFT_VERSION = 5.0;
				TARGETED_DEVICE_FAMILY = "1,2";
			};
			name = Debug;
		};
		64982EB12A18B09200223799 /* Release */ = {
			isa = XCBuildConfiguration;
			buildSettings = {
				ASSETCATALOG_COMPILER_APPICON_NAME = AppIcon;
				ASSETCATALOG_COMPILER_GLOBAL_ACCENT_COLOR_NAME = AccentColor;
				CODE_SIGN_ENTITLEMENTS = Steps/Steps.entitlements;
				CODE_SIGN_STYLE = Automatic;
				CURRENT_PROJECT_VERSION = 1;
				DEVELOPMENT_TEAM = MQ38WHYXCG;
				GENERATE_INFOPLIST_FILE = YES;
				INFOPLIST_FILE = Steps/Info.plist;
				INFOPLIST_KEY_NSCameraUsageDescription = "アプリ内で写真を撮るためにカメラを起動する";
				INFOPLIST_KEY_NSHealthClinicalHealthRecordsShareUsageDescription = "アプリが臨床記録の読み取り許可";
				INFOPLIST_KEY_NSHealthShareUsageDescription = "読み込み許可を求めるメッセージ";
				INFOPLIST_KEY_NSHealthUpdateUsageDescription = "書き込み許可を求めるメッセージ";
				INFOPLIST_KEY_UIApplicationSupportsIndirectInputEvents = YES;
				INFOPLIST_KEY_UILaunchStoryboardName = LaunchScreen;
				INFOPLIST_KEY_UIMainStoryboardFile = Main;
				INFOPLIST_KEY_UISupportedInterfaceOrientations_iPad = "UIInterfaceOrientationPortrait UIInterfaceOrientationPortraitUpsideDown UIInterfaceOrientationLandscapeLeft UIInterfaceOrientationLandscapeRight";
				INFOPLIST_KEY_UISupportedInterfaceOrientations_iPhone = "UIInterfaceOrientationPortrait UIInterfaceOrientationLandscapeLeft UIInterfaceOrientationLandscapeRight";
				LD_RUNPATH_SEARCH_PATHS = (
					"$(inherited)",
					"@executable_path/Frameworks",
				);
				MARKETING_VERSION = 1.0;
				PRODUCT_BUNDLE_IDENTIFIER = app.hamano.kemari.Steps;
				PRODUCT_NAME = "$(TARGET_NAME)";
				SWIFT_EMIT_LOC_STRINGS = YES;
				SWIFT_VERSION = 5.0;
				TARGETED_DEVICE_FAMILY = "1,2";
			};
			name = Release;
		};
/* End XCBuildConfiguration section */

/* Begin XCConfigurationList section */
		64982E962A18B08F00223799 /* Build configuration list for PBXProject "Steps" */ = {
			isa = XCConfigurationList;
			buildConfigurations = (
				64982EAD2A18B09200223799 /* Debug */,
				64982EAE2A18B09200223799 /* Release */,
			);
			defaultConfigurationIsVisible = 0;
			defaultConfigurationName = Release;
		};
		64982EAF2A18B09200223799 /* Build configuration list for PBXNativeTarget "Steps" */ = {
			isa = XCConfigurationList;
			buildConfigurations = (
				64982EB02A18B09200223799 /* Debug */,
				64982EB12A18B09200223799 /* Release */,
			);
			defaultConfigurationIsVisible = 0;
			defaultConfigurationName = Release;
		};
/* End XCConfigurationList section */

/* Begin XCRemoteSwiftPackageReference section */
		64982ECA2A1E132A00223799 /* XCRemoteSwiftPackageReference "realm-swift" */ = {
			isa = XCRemoteSwiftPackageReference;
			repositoryURL = "https://github.com/realm/realm-swift";
			requirement = {
				kind = upToNextMajorVersion;
				minimumVersion = 10.39.1;
			};
		};
/* End XCRemoteSwiftPackageReference section */

/* Begin XCSwiftPackageProductDependency section */
		64982ECB2A1E132A00223799 /* Realm */ = {
			isa = XCSwiftPackageProductDependency;
			package = 64982ECA2A1E132A00223799 /* XCRemoteSwiftPackageReference "realm-swift" */;
			productName = Realm;
		};
		64982ECD2A1E132A00223799 /* RealmSwift */ = {
			isa = XCSwiftPackageProductDependency;
			package = 64982ECA2A1E132A00223799 /* XCRemoteSwiftPackageReference "realm-swift" */;
			productName = RealmSwift;
		};
/* End XCSwiftPackageProductDependency section */
	};
	rootObject = 64982E932A18B08F00223799 /* Project object */;
}
